// !$*UTF8*$!
{
	archiveVersion = 1;
	classes = {
	};
	objectVersion = 46;
	objects = {

/* Begin PBXBuildFile section */
		593310C11B8AC2C7008CE1E2 /* NSDate+XXB.m in Sources */ = {isa = PBXBuildFile; fileRef = 593310A91B8AC2C7008CE1E2 /* NSDate+XXB.m */; };
		593310C21B8AC2C7008CE1E2 /* NSString+Help.m in Sources */ = {isa = PBXBuildFile; fileRef = 593310AB1B8AC2C7008CE1E2 /* NSString+Help.m */; };
		593310C31B8AC2C7008CE1E2 /* UIBarButtonItem+Help.m in Sources */ = {isa = PBXBuildFile; fileRef = 593310AD1B8AC2C7008CE1E2 /* UIBarButtonItem+Help.m */; };
		593310C41B8AC2C7008CE1E2 /* UIColor+Help.m in Sources */ = {isa = PBXBuildFile; fileRef = 593310AF1B8AC2C7008CE1E2 /* UIColor+Help.m */; };
		593310C51B8AC2C7008CE1E2 /* UIImage+Help.m in Sources */ = {isa = PBXBuildFile; fileRef = 593310B11B8AC2C7008CE1E2 /* UIImage+Help.m */; };
		593310C61B8AC2C7008CE1E2 /* UIImage+ImageEffects.m in Sources */ = {isa = PBXBuildFile; fileRef = 593310B31B8AC2C7008CE1E2 /* UIImage+ImageEffects.m */; };
		593310C71B8AC2C7008CE1E2 /* UIView+AutoLayout.m in Sources */ = {isa = PBXBuildFile; fileRef = 593310B51B8AC2C7008CE1E2 /* UIView+AutoLayout.m */; };
		593310C81B8AC2C7008CE1E2 /* UIView+Help.m in Sources */ = {isa = PBXBuildFile; fileRef = 593310B71B8AC2C7008CE1E2 /* UIView+Help.m */; };
		593310C91B8AC2C7008CE1E2 /* UIView+MotionEffect.m in Sources */ = {isa = PBXBuildFile; fileRef = 593310B91B8AC2C7008CE1E2 /* UIView+MotionEffect.m */; };
		593310CA1B8AC2C7008CE1E2 /* XXBDeviceHelp.m in Sources */ = {isa = PBXBuildFile; fileRef = 593310BB1B8AC2C7008CE1E2 /* XXBDeviceHelp.m */; };
		593310CB1B8AC2C7008CE1E2 /* XXBNetWorkExtion.m in Sources */ = {isa = PBXBuildFile; fileRef = 593310BD1B8AC2C7008CE1E2 /* XXBNetWorkExtion.m */; };
		593310CC1B8AC2C7008CE1E2 /* XXBHelpTools.m in Sources */ = {isa = PBXBuildFile; fileRef = 593310C01B8AC2C7008CE1E2 /* XXBHelpTools.m */; };
		593310CF1B8AC45C008CE1E2 /* DDLoginViewController.m in Sources */ = {isa = PBXBuildFile; fileRef = 593310CE1B8AC45C008CE1E2 /* DDLoginViewController.m */; };
		593310D91B8AEAFA008CE1E2 /* MBProgressHUD+MJ.m in Sources */ = {isa = PBXBuildFile; fileRef = 593310D51B8AEAFA008CE1E2 /* MBProgressHUD+MJ.m */; };
		593310DA1B8AEAFA008CE1E2 /* MBProgressHUD.bundle in Resources */ = {isa = PBXBuildFile; fileRef = 593310D61B8AEAFA008CE1E2 /* MBProgressHUD.bundle */; };
		593310DB1B8AEAFA008CE1E2 /* MBProgressHUD.m in Sources */ = {isa = PBXBuildFile; fileRef = 593310D81B8AEAFA008CE1E2 /* MBProgressHUD.m */; };
		5943AD651B85707A007837C8 /* DDTabBarController.m in Sources */ = {isa = PBXBuildFile; fileRef = 5943AD641B85707A007837C8 /* DDTabBarController.m */; };
		5943AD681B8573EA007837C8 /* HomeRootViewController.m in Sources */ = {isa = PBXBuildFile; fileRef = 5943AD671B8573EA007837C8 /* HomeRootViewController.m */; };
		59F0BC651B8B096A00F4234A /* DDHomeChoseCityViewController.m in Sources */ = {isa = PBXBuildFile; fileRef = 59F0BC641B8B096A00F4234A /* DDHomeChoseCityViewController.m */; };
		59F0BC691B8B0B4200F4234A /* DDHomeCityCell.m in Sources */ = {isa = PBXBuildFile; fileRef = 59F0BC671B8B0B4200F4234A /* DDHomeCityCell.m */; };
		59F0BC6A1B8B0B4200F4234A /* DDHomeCityCell.xib in Resources */ = {isa = PBXBuildFile; fileRef = 59F0BC681B8B0B4200F4234A /* DDHomeCityCell.xib */; };
		59F0DB2F1B8564BB0092B104 /* main.m in Sources */ = {isa = PBXBuildFile; fileRef = 59F0DB2E1B8564BB0092B104 /* main.m */; };
		59F0DB321B8564BB0092B104 /* AppDelegate.m in Sources */ = {isa = PBXBuildFile; fileRef = 59F0DB311B8564BB0092B104 /* AppDelegate.m */; };
		59F0DB381B8564BB0092B104 /* Main.storyboard in Resources */ = {isa = PBXBuildFile; fileRef = 59F0DB361B8564BB0092B104 /* Main.storyboard */; };
		59F0DB3A1B8564BB0092B104 /* Images.xcassets in Resources */ = {isa = PBXBuildFile; fileRef = 59F0DB391B8564BB0092B104 /* Images.xcassets */; };
		59F0DB3D1B8564BB0092B104 /* LaunchScreen.xib in Resources */ = {isa = PBXBuildFile; fileRef = 59F0DB3B1B8564BB0092B104 /* LaunchScreen.xib */; };
		59F0DB491B8564BB0092B104 /* ___Tests.m in Sources */ = {isa = PBXBuildFile; fileRef = 59F0DB481B8564BB0092B104 /* ___Tests.m */; };
		59F0DB6A1B856B3F0092B104 /* DDNavigationController.m in Sources */ = {isa = PBXBuildFile; fileRef = 59F0DB691B856B3F0092B104 /* DDNavigationController.m */; };
/* End PBXBuildFile section */

/* Begin PBXContainerItemProxy section */
		59F0DB431B8564BB0092B104 /* PBXContainerItemProxy */ = {
			isa = PBXContainerItemProxy;
			containerPortal = 59F0DB211B8564BB0092B104 /* Project object */;
			proxyType = 1;
			remoteGlobalIDString = 59F0DB281B8564BB0092B104;
			remoteInfo = "特洛伊";
		};
/* End PBXContainerItemProxy section */

/* Begin PBXFileReference section */
		593310A61B8AB9BE008CE1E2 /* PreFile.pch */ = {isa = PBXFileReference; lastKnownFileType = sourcecode.c.h; path = PreFile.pch; sourceTree = "<group>"; };
		593310A81B8AC2C7008CE1E2 /* NSDate+XXB.h */ = {isa = PBXFileReference; fileEncoding = 4; lastKnownFileType = sourcecode.c.h; path = "NSDate+XXB.h"; sourceTree = "<group>"; };
		593310A91B8AC2C7008CE1E2 /* NSDate+XXB.m */ = {isa = PBXFileReference; fileEncoding = 4; lastKnownFileType = sourcecode.c.objc; path = "NSDate+XXB.m"; sourceTree = "<group>"; };
		593310AA1B8AC2C7008CE1E2 /* NSString+Help.h */ = {isa = PBXFileReference; fileEncoding = 4; lastKnownFileType = sourcecode.c.h; path = "NSString+Help.h"; sourceTree = "<group>"; };
		593310AB1B8AC2C7008CE1E2 /* NSString+Help.m */ = {isa = PBXFileReference; fileEncoding = 4; lastKnownFileType = sourcecode.c.objc; path = "NSString+Help.m"; sourceTree = "<group>"; };
		593310AC1B8AC2C7008CE1E2 /* UIBarButtonItem+Help.h */ = {isa = PBXFileReference; fileEncoding = 4; lastKnownFileType = sourcecode.c.h; path = "UIBarButtonItem+Help.h"; sourceTree = "<group>"; };
		593310AD1B8AC2C7008CE1E2 /* UIBarButtonItem+Help.m */ = {isa = PBXFileReference; fileEncoding = 4; lastKnownFileType = sourcecode.c.objc; path = "UIBarButtonItem+Help.m"; sourceTree = "<group>"; };
		593310AE1B8AC2C7008CE1E2 /* UIColor+Help.h */ = {isa = PBXFileReference; fileEncoding = 4; lastKnownFileType = sourcecode.c.h; path = "UIColor+Help.h"; sourceTree = "<group>"; };
		593310AF1B8AC2C7008CE1E2 /* UIColor+Help.m */ = {isa = PBXFileReference; fileEncoding = 4; lastKnownFileType = sourcecode.c.objc; path = "UIColor+Help.m"; sourceTree = "<group>"; };
		593310B01B8AC2C7008CE1E2 /* UIImage+Help.h */ = {isa = PBXFileReference; fileEncoding = 4; lastKnownFileType = sourcecode.c.h; path = "UIImage+Help.h"; sourceTree = "<group>"; };
		593310B11B8AC2C7008CE1E2 /* UIImage+Help.m */ = {isa = PBXFileReference; fileEncoding = 4; lastKnownFileType = sourcecode.c.objc; path = "UIImage+Help.m"; sourceTree = "<group>"; };
		593310B21B8AC2C7008CE1E2 /* UIImage+ImageEffects.h */ = {isa = PBXFileReference; fileEncoding = 4; lastKnownFileType = sourcecode.c.h; path = "UIImage+ImageEffects.h"; sourceTree = "<group>"; };
		593310B31B8AC2C7008CE1E2 /* UIImage+ImageEffects.m */ = {isa = PBXFileReference; fileEncoding = 4; lastKnownFileType = sourcecode.c.objc; path = "UIImage+ImageEffects.m"; sourceTree = "<group>"; };
		593310B41B8AC2C7008CE1E2 /* UIView+AutoLayout.h */ = {isa = PBXFileReference; fileEncoding = 4; lastKnownFileType = sourcecode.c.h; path = "UIView+AutoLayout.h"; sourceTree = "<group>"; };
		593310B51B8AC2C7008CE1E2 /* UIView+AutoLayout.m */ = {isa = PBXFileReference; fileEncoding = 4; lastKnownFileType = sourcecode.c.objc; path = "UIView+AutoLayout.m"; sourceTree = "<group>"; };
		593310B61B8AC2C7008CE1E2 /* UIView+Help.h */ = {isa = PBXFileReference; fileEncoding = 4; lastKnownFileType = sourcecode.c.h; path = "UIView+Help.h"; sourceTree = "<group>"; };
		593310B71B8AC2C7008CE1E2 /* UIView+Help.m */ = {isa = PBXFileReference; fileEncoding = 4; lastKnownFileType = sourcecode.c.objc; path = "UIView+Help.m"; sourceTree = "<group>"; };
		593310B81B8AC2C7008CE1E2 /* UIView+MotionEffect.h */ = {isa = PBXFileReference; fileEncoding = 4; lastKnownFileType = sourcecode.c.h; path = "UIView+MotionEffect.h"; sourceTree = "<group>"; };
		593310B91B8AC2C7008CE1E2 /* UIView+MotionEffect.m */ = {isa = PBXFileReference; fileEncoding = 4; lastKnownFileType = sourcecode.c.objc; path = "UIView+MotionEffect.m"; sourceTree = "<group>"; };
		593310BA1B8AC2C7008CE1E2 /* XXBDeviceHelp.h */ = {isa = PBXFileReference; fileEncoding = 4; lastKnownFileType = sourcecode.c.h; path = XXBDeviceHelp.h; sourceTree = "<group>"; };
		593310BB1B8AC2C7008CE1E2 /* XXBDeviceHelp.m */ = {isa = PBXFileReference; fileEncoding = 4; lastKnownFileType = sourcecode.c.objc; path = XXBDeviceHelp.m; sourceTree = "<group>"; };
		593310BC1B8AC2C7008CE1E2 /* XXBNetWorkExtion.h */ = {isa = PBXFileReference; fileEncoding = 4; lastKnownFileType = sourcecode.c.h; path = XXBNetWorkExtion.h; sourceTree = "<group>"; };
		593310BD1B8AC2C7008CE1E2 /* XXBNetWorkExtion.m */ = {isa = PBXFileReference; fileEncoding = 4; lastKnownFileType = sourcecode.c.objc; path = XXBNetWorkExtion.m; sourceTree = "<group>"; };
		593310BE1B8AC2C7008CE1E2 /* XXBSingleton.h */ = {isa = PBXFileReference; fileEncoding = 4; lastKnownFileType = sourcecode.c.h; path = XXBSingleton.h; sourceTree = "<group>"; };
		593310BF1B8AC2C7008CE1E2 /* XXBHelpTools.h */ = {isa = PBXFileReference; fileEncoding = 4; lastKnownFileType = sourcecode.c.h; path = XXBHelpTools.h; sourceTree = "<group>"; };
		593310C01B8AC2C7008CE1E2 /* XXBHelpTools.m */ = {isa = PBXFileReference; fileEncoding = 4; lastKnownFileType = sourcecode.c.objc; path = XXBHelpTools.m; sourceTree = "<group>"; };
		593310CD1B8AC45C008CE1E2 /* DDLoginViewController.h */ = {isa = PBXFileReference; fileEncoding = 4; lastKnownFileType = sourcecode.c.h; path = DDLoginViewController.h; sourceTree = "<group>"; };
		593310CE1B8AC45C008CE1E2 /* DDLoginViewController.m */ = {isa = PBXFileReference; fileEncoding = 4; lastKnownFileType = sourcecode.c.objc; path = DDLoginViewController.m; sourceTree = "<group>"; };
		593310D41B8AEAFA008CE1E2 /* MBProgressHUD+MJ.h */ = {isa = PBXFileReference; fileEncoding = 4; lastKnownFileType = sourcecode.c.h; path = "MBProgressHUD+MJ.h"; sourceTree = "<group>"; };
		593310D51B8AEAFA008CE1E2 /* MBProgressHUD+MJ.m */ = {isa = PBXFileReference; fileEncoding = 4; lastKnownFileType = sourcecode.c.objc; path = "MBProgressHUD+MJ.m"; sourceTree = "<group>"; };
		593310D61B8AEAFA008CE1E2 /* MBProgressHUD.bundle */ = {isa = PBXFileReference; lastKnownFileType = "wrapper.plug-in"; path = MBProgressHUD.bundle; sourceTree = "<group>"; };
		593310D71B8AEAFA008CE1E2 /* MBProgressHUD.h */ = {isa = PBXFileReference; fileEncoding = 4; lastKnownFileType = sourcecode.c.h; path = MBProgressHUD.h; sourceTree = "<group>"; };
		593310D81B8AEAFA008CE1E2 /* MBProgressHUD.m */ = {isa = PBXFileReference; fileEncoding = 4; lastKnownFileType = sourcecode.c.objc; path = MBProgressHUD.m; sourceTree = "<group>"; };
		5943AD631B85707A007837C8 /* DDTabBarController.h */ = {isa = PBXFileReference; fileEncoding = 4; lastKnownFileType = sourcecode.c.h; path = DDTabBarController.h; sourceTree = "<group>"; };
		5943AD641B85707A007837C8 /* DDTabBarController.m */ = {isa = PBXFileReference; fileEncoding = 4; lastKnownFileType = sourcecode.c.objc; path = DDTabBarController.m; sourceTree = "<group>"; };
		5943AD661B8573EA007837C8 /* HomeRootViewController.h */ = {isa = PBXFileReference; fileEncoding = 4; lastKnownFileType = sourcecode.c.h; path = HomeRootViewController.h; sourceTree = "<group>"; };
		5943AD671B8573EA007837C8 /* HomeRootViewController.m */ = {isa = PBXFileReference; fileEncoding = 4; lastKnownFileType = sourcecode.c.objc; path = HomeRootViewController.m; sourceTree = "<group>"; };
		59F0BC631B8B096A00F4234A /* DDHomeChoseCityViewController.h */ = {isa = PBXFileReference; fileEncoding = 4; lastKnownFileType = sourcecode.c.h; path = DDHomeChoseCityViewController.h; sourceTree = "<group>"; };
		59F0BC641B8B096A00F4234A /* DDHomeChoseCityViewController.m */ = {isa = PBXFileReference; fileEncoding = 4; lastKnownFileType = sourcecode.c.objc; path = DDHomeChoseCityViewController.m; sourceTree = "<group>"; };
		59F0BC661B8B0B4200F4234A /* DDHomeCityCell.h */ = {isa = PBXFileReference; fileEncoding = 4; lastKnownFileType = sourcecode.c.h; path = DDHomeCityCell.h; sourceTree = "<group>"; };
		59F0BC671B8B0B4200F4234A /* DDHomeCityCell.m */ = {isa = PBXFileReference; fileEncoding = 4; lastKnownFileType = sourcecode.c.objc; path = DDHomeCityCell.m; sourceTree = "<group>"; };
		59F0BC681B8B0B4200F4234A /* DDHomeCityCell.xib */ = {isa = PBXFileReference; fileEncoding = 4; lastKnownFileType = file.xib; path = DDHomeCityCell.xib; sourceTree = "<group>"; };
		59F0DB291B8564BB0092B104 /* 特洛伊.app */ = {isa = PBXFileReference; explicitFileType = wrapper.application; includeInIndex = 0; path = "特洛伊.app"; sourceTree = BUILT_PRODUCTS_DIR; };
		59F0DB2D1B8564BB0092B104 /* Info.plist */ = {isa = PBXFileReference; lastKnownFileType = text.plist.xml; path = Info.plist; sourceTree = "<group>"; };
		59F0DB2E1B8564BB0092B104 /* main.m */ = {isa = PBXFileReference; lastKnownFileType = sourcecode.c.objc; path = main.m; sourceTree = "<group>"; };
		59F0DB301B8564BB0092B104 /* AppDelegate.h */ = {isa = PBXFileReference; lastKnownFileType = sourcecode.c.h; path = AppDelegate.h; sourceTree = "<group>"; };
		59F0DB311B8564BB0092B104 /* AppDelegate.m */ = {isa = PBXFileReference; lastKnownFileType = sourcecode.c.objc; path = AppDelegate.m; sourceTree = "<group>"; };
		59F0DB371B8564BB0092B104 /* Base */ = {isa = PBXFileReference; lastKnownFileType = file.storyboard; name = Base; path = Base.lproj/Main.storyboard; sourceTree = "<group>"; };
		59F0DB391B8564BB0092B104 /* Images.xcassets */ = {isa = PBXFileReference; lastKnownFileType = folder.assetcatalog; path = Images.xcassets; sourceTree = "<group>"; };
		59F0DB3C1B8564BB0092B104 /* Base */ = {isa = PBXFileReference; lastKnownFileType = file.xib; name = Base; path = Base.lproj/LaunchScreen.xib; sourceTree = "<group>"; };
		59F0DB421B8564BB0092B104 /* 特洛伊Tests.xctest */ = {isa = PBXFileReference; explicitFileType = wrapper.cfbundle; includeInIndex = 0; path = "特洛伊Tests.xctest"; sourceTree = BUILT_PRODUCTS_DIR; };
		59F0DB471B8564BB0092B104 /* Info.plist */ = {isa = PBXFileReference; lastKnownFileType = text.plist.xml; path = Info.plist; sourceTree = "<group>"; };
		59F0DB481B8564BB0092B104 /* ___Tests.m */ = {isa = PBXFileReference; lastKnownFileType = sourcecode.c.objc; path = "___Tests.m"; sourceTree = "<group>"; };
		59F0DB681B856B3F0092B104 /* DDNavigationController.h */ = {isa = PBXFileReference; fileEncoding = 4; lastKnownFileType = sourcecode.c.h; path = DDNavigationController.h; sourceTree = "<group>"; };
		59F0DB691B856B3F0092B104 /* DDNavigationController.m */ = {isa = PBXFileReference; fileEncoding = 4; lastKnownFileType = sourcecode.c.objc; path = DDNavigationController.m; sourceTree = "<group>"; };
/* End PBXFileReference section */

/* Begin PBXFrameworksBuildPhase section */
		59F0DB261B8564BB0092B104 /* Frameworks */ = {
			isa = PBXFrameworksBuildPhase;
			buildActionMask = 2147483647;
			files = (
			);
			runOnlyForDeploymentPostprocessing = 0;
		};
		59F0DB3F1B8564BB0092B104 /* Frameworks */ = {
			isa = PBXFrameworksBuildPhase;
			buildActionMask = 2147483647;
			files = (
			);
			runOnlyForDeploymentPostprocessing = 0;
		};
/* End PBXFrameworksBuildPhase section */

/* Begin PBXGroup section */
		593310A71B8AC28F008CE1E2 /* Category */ = {
			isa = PBXGroup;
			children = (
				593310A81B8AC2C7008CE1E2 /* NSDate+XXB.h */,
				593310A91B8AC2C7008CE1E2 /* NSDate+XXB.m */,
				593310AA1B8AC2C7008CE1E2 /* NSString+Help.h */,
				593310AB1B8AC2C7008CE1E2 /* NSString+Help.m */,
				593310AC1B8AC2C7008CE1E2 /* UIBarButtonItem+Help.h */,
				593310AD1B8AC2C7008CE1E2 /* UIBarButtonItem+Help.m */,
				593310AE1B8AC2C7008CE1E2 /* UIColor+Help.h */,
				593310AF1B8AC2C7008CE1E2 /* UIColor+Help.m */,
				593310B01B8AC2C7008CE1E2 /* UIImage+Help.h */,
				593310B11B8AC2C7008CE1E2 /* UIImage+Help.m */,
				593310B21B8AC2C7008CE1E2 /* UIImage+ImageEffects.h */,
				593310B31B8AC2C7008CE1E2 /* UIImage+ImageEffects.m */,
				593310B41B8AC2C7008CE1E2 /* UIView+AutoLayout.h */,
				593310B51B8AC2C7008CE1E2 /* UIView+AutoLayout.m */,
				593310B61B8AC2C7008CE1E2 /* UIView+Help.h */,
				593310B71B8AC2C7008CE1E2 /* UIView+Help.m */,
				593310B81B8AC2C7008CE1E2 /* UIView+MotionEffect.h */,
				593310B91B8AC2C7008CE1E2 /* UIView+MotionEffect.m */,
				593310BA1B8AC2C7008CE1E2 /* XXBDeviceHelp.h */,
				593310BB1B8AC2C7008CE1E2 /* XXBDeviceHelp.m */,
				593310BC1B8AC2C7008CE1E2 /* XXBNetWorkExtion.h */,
				593310BD1B8AC2C7008CE1E2 /* XXBNetWorkExtion.m */,
				593310BE1B8AC2C7008CE1E2 /* XXBSingleton.h */,
				593310BF1B8AC2C7008CE1E2 /* XXBHelpTools.h */,
				593310C01B8AC2C7008CE1E2 /* XXBHelpTools.m */,
			);
			name = Category;
			sourceTree = "<group>";
		};
		593310D01B8AEAAE008CE1E2 /* Lib */ = {
			isa = PBXGroup;
			children = (
				593310D31B8AEAFA008CE1E2 /* MBProgressHUD */,
			);
			name = Lib;
			sourceTree = "<group>";
		};
		593310D31B8AEAFA008CE1E2 /* MBProgressHUD */ = {
			isa = PBXGroup;
			children = (
				593310D41B8AEAFA008CE1E2 /* MBProgressHUD+MJ.h */,
				593310D51B8AEAFA008CE1E2 /* MBProgressHUD+MJ.m */,
				593310D61B8AEAFA008CE1E2 /* MBProgressHUD.bundle */,
				593310D71B8AEAFA008CE1E2 /* MBProgressHUD.h */,
				593310D81B8AEAFA008CE1E2 /* MBProgressHUD.m */,
			);
			path = MBProgressHUD;
			sourceTree = "<group>";
		};
		59F0DB201B8564BB0092B104 = {
			isa = PBXGroup;
			children = (
				59F0DB2B1B8564BB0092B104 /* 特洛伊 */,
				59F0DB451B8564BB0092B104 /* 特洛伊Tests */,
				59F0DB2A1B8564BB0092B104 /* Products */,
			);
			sourceTree = "<group>";
		};
		59F0DB2A1B8564BB0092B104 /* Products */ = {
			isa = PBXGroup;
			children = (
				59F0DB291B8564BB0092B104 /* 特洛伊.app */,
				59F0DB421B8564BB0092B104 /* 特洛伊Tests.xctest */,
			);
			name = Products;
			sourceTree = "<group>";
		};
		59F0DB2B1B8564BB0092B104 /* 特洛伊 */ = {
			isa = PBXGroup;
			children = (
				59F0DB521B8569300092B104 /* Classes */,
				59F0DB2C1B8564BB0092B104 /* Supporting Files */,
			);
			path = "特洛伊";
			sourceTree = "<group>";
		};
		59F0DB2C1B8564BB0092B104 /* Supporting Files */ = {
			isa = PBXGroup;
			children = (
				59F0DB2D1B8564BB0092B104 /* Info.plist */,
				59F0DB2E1B8564BB0092B104 /* main.m */,
				593310A61B8AB9BE008CE1E2 /* PreFile.pch */,
			);
			name = "Supporting Files";
			sourceTree = "<group>";
		};
		59F0DB451B8564BB0092B104 /* 特洛伊Tests */ = {
			isa = PBXGroup;
			children = (
				59F0DB481B8564BB0092B104 /* ___Tests.m */,
				59F0DB461B8564BB0092B104 /* Supporting Files */,
			);
			path = "特洛伊Tests";
			sourceTree = "<group>";
		};
		59F0DB461B8564BB0092B104 /* Supporting Files */ = {
			isa = PBXGroup;
			children = (
				59F0DB471B8564BB0092B104 /* Info.plist */,
			);
			name = "Supporting Files";
			sourceTree = "<group>";
		};
		59F0DB521B8569300092B104 /* Classes */ = {
			isa = PBXGroup;
			children = (
				59F0DB671B856AD50092B104 /* Common */,
				59F0DB571B8569FE0092B104 /* Home */,
				59F0DB561B8569EB0092B104 /* Mine */,
				59F0DB551B8569C90092B104 /* GeneralStore */,
				59F0DB541B8569590092B104 /* 4SStore */,
				59F0DB531B8569440092B104 /* Main */,
			);
			name = Classes;
			sourceTree = "<group>";
		};
		59F0DB531B8569440092B104 /* Main */ = {
			isa = PBXGroup;
			children = (
				593310D01B8AEAAE008CE1E2 /* Lib */,
				593310A71B8AC28F008CE1E2 /* Category */,
				59F0DB5A1B856A350092B104 /* Models */,
				59F0DB591B856A240092B104 /* Views */,
				59F0DB581B856A110092B104 /* ViewControllers */,
			);
			name = Main;
			sourceTree = "<group>";
		};
		59F0DB541B8569590092B104 /* 4SStore */ = {
			isa = PBXGroup;
			children = (
				59F0DB5D1B856A5E0092B104 /* Models */,
				59F0DB5C1B856A580092B104 /* Views */,
				59F0DB5B1B856A400092B104 /* ViewControllers */,
			);
			name = 4SStore;
			sourceTree = "<group>";
		};
		59F0DB551B8569C90092B104 /* GeneralStore */ = {
			isa = PBXGroup;
			children = (
				59F0DB601B856A7C0092B104 /* Models */,
				59F0DB5F1B856A750092B104 /* Views */,
				59F0DB5E1B856A690092B104 /* ViewControllers */,
			);
			name = GeneralStore;
			sourceTree = "<group>";
		};
		59F0DB561B8569EB0092B104 /* Mine */ = {
			isa = PBXGroup;
			children = (
				59F0DB631B856A930092B104 /* Models */,
				59F0DB621B856A8E0092B104 /* Views */,
				59F0DB611B856A840092B104 /* ViewControllers */,
			);
			name = Mine;
			sourceTree = "<group>";
		};
		59F0DB571B8569FE0092B104 /* Home */ = {
			isa = PBXGroup;
			children = (
				59F0DB661B856AAD0092B104 /* Models */,
				59F0DB651B856AA60092B104 /* Views */,
				59F0DB641B856A9B0092B104 /* ViewControllers */,
			);
			name = Home;
			sourceTree = "<group>";
		};
		59F0DB581B856A110092B104 /* ViewControllers */ = {
			isa = PBXGroup;
			children = (
				59F0DB681B856B3F0092B104 /* DDNavigationController.h */,
				59F0DB691B856B3F0092B104 /* DDNavigationController.m */,
				5943AD631B85707A007837C8 /* DDTabBarController.h */,
				5943AD641B85707A007837C8 /* DDTabBarController.m */,
				593310CD1B8AC45C008CE1E2 /* DDLoginViewController.h */,
				593310CE1B8AC45C008CE1E2 /* DDLoginViewController.m */,
			);
			name = ViewControllers;
			sourceTree = "<group>";
		};
		59F0DB591B856A240092B104 /* Views */ = {
			isa = PBXGroup;
			children = (
			);
			name = Views;
			sourceTree = "<group>";
		};
		59F0DB5A1B856A350092B104 /* Models */ = {
			isa = PBXGroup;
			children = (
			);
			name = Models;
			sourceTree = "<group>";
		};
		59F0DB5B1B856A400092B104 /* ViewControllers */ = {
			isa = PBXGroup;
			children = (
			);
			name = ViewControllers;
			sourceTree = "<group>";
		};
		59F0DB5C1B856A580092B104 /* Views */ = {
			isa = PBXGroup;
			children = (
			);
			name = Views;
			sourceTree = "<group>";
		};
		59F0DB5D1B856A5E0092B104 /* Models */ = {
			isa = PBXGroup;
			children = (
			);
			name = Models;
			sourceTree = "<group>";
		};
		59F0DB5E1B856A690092B104 /* ViewControllers */ = {
			isa = PBXGroup;
			children = (
			);
			name = ViewControllers;
			sourceTree = "<group>";
		};
		59F0DB5F1B856A750092B104 /* Views */ = {
			isa = PBXGroup;
			children = (
			);
			name = Views;
			sourceTree = "<group>";
		};
		59F0DB601B856A7C0092B104 /* Models */ = {
			isa = PBXGroup;
			children = (
			);
			name = Models;
			sourceTree = "<group>";
		};
		59F0DB611B856A840092B104 /* ViewControllers */ = {
			isa = PBXGroup;
			children = (
			);
			name = ViewControllers;
			sourceTree = "<group>";
		};
		59F0DB621B856A8E0092B104 /* Views */ = {
			isa = PBXGroup;
			children = (
			);
			name = Views;
			sourceTree = "<group>";
		};
		59F0DB631B856A930092B104 /* Models */ = {
			isa = PBXGroup;
			children = (
			);
			name = Models;
			sourceTree = "<group>";
		};
		59F0DB641B856A9B0092B104 /* ViewControllers */ = {
			isa = PBXGroup;
			children = (
				5943AD661B8573EA007837C8 /* HomeRootViewController.h */,
				5943AD671B8573EA007837C8 /* HomeRootViewController.m */,
				59F0BC631B8B096A00F4234A /* DDHomeChoseCityViewController.h */,
				59F0BC641B8B096A00F4234A /* DDHomeChoseCityViewController.m */,
			);
			name = ViewControllers;
			sourceTree = "<group>";
		};
		59F0DB651B856AA60092B104 /* Views */ = {
			isa = PBXGroup;
			children = (
				59F0BC661B8B0B4200F4234A /* DDHomeCityCell.h */,
				59F0BC671B8B0B4200F4234A /* DDHomeCityCell.m */,
				59F0BC681B8B0B4200F4234A /* DDHomeCityCell.xib */,
			);
			name = Views;
			sourceTree = "<group>";
		};
		59F0DB661B856AAD0092B104 /* Models */ = {
			isa = PBXGroup;
			children = (
			);
			name = Models;
			sourceTree = "<group>";
		};
		59F0DB671B856AD50092B104 /* Common */ = {
			isa = PBXGroup;
			children = (
				59F0DB301B8564BB0092B104 /* AppDelegate.h */,
				59F0DB311B8564BB0092B104 /* AppDelegate.m */,
				59F0DB361B8564BB0092B104 /* Main.storyboard */,
				59F0DB391B8564BB0092B104 /* Images.xcassets */,
				59F0DB3B1B8564BB0092B104 /* LaunchScreen.xib */,
			);
			name = Common;
			sourceTree = "<group>";
		};
/* End PBXGroup section */

/* Begin PBXNativeTarget section */
		59F0DB281B8564BB0092B104 /* 特洛伊 */ = {
			isa = PBXNativeTarget;
			buildConfigurationList = 59F0DB4C1B8564BB0092B104 /* Build configuration list for PBXNativeTarget "特洛伊" */;
			buildPhases = (
				59F0DB251B8564BB0092B104 /* Sources */,
				59F0DB261B8564BB0092B104 /* Frameworks */,
				59F0DB271B8564BB0092B104 /* Resources */,
			);
			buildRules = (
			);
			dependencies = (
			);
			name = "特洛伊";
			productName = "特洛伊";
			productReference = 59F0DB291B8564BB0092B104 /* 特洛伊.app */;
			productType = "com.apple.product-type.application";
		};
		59F0DB411B8564BB0092B104 /* 特洛伊Tests */ = {
			isa = PBXNativeTarget;
			buildConfigurationList = 59F0DB4F1B8564BB0092B104 /* Build configuration list for PBXNativeTarget "特洛伊Tests" */;
			buildPhases = (
				59F0DB3E1B8564BB0092B104 /* Sources */,
				59F0DB3F1B8564BB0092B104 /* Frameworks */,
				59F0DB401B8564BB0092B104 /* Resources */,
			);
			buildRules = (
			);
			dependencies = (
				59F0DB441B8564BB0092B104 /* PBXTargetDependency */,
			);
			name = "特洛伊Tests";
			productName = "特洛伊Tests";
			productReference = 59F0DB421B8564BB0092B104 /* 特洛伊Tests.xctest */;
			productType = "com.apple.product-type.bundle.unit-test";
		};
/* End PBXNativeTarget section */

/* Begin PBXProject section */
		59F0DB211B8564BB0092B104 /* Project object */ = {
			isa = PBXProject;
			attributes = {
				LastUpgradeCheck = 0640;
				ORGANIZATIONNAME = "刘日华";
				TargetAttributes = {
					59F0DB281B8564BB0092B104 = {
						CreatedOnToolsVersion = 6.4;
					};
					59F0DB411B8564BB0092B104 = {
						CreatedOnToolsVersion = 6.4;
						TestTargetID = 59F0DB281B8564BB0092B104;
					};
				};
			};
			buildConfigurationList = 59F0DB241B8564BB0092B104 /* Build configuration list for PBXProject "特洛伊" */;
			compatibilityVersion = "Xcode 3.2";
			developmentRegion = English;
			hasScannedForEncodings = 0;
			knownRegions = (
				en,
				Base,
			);
			mainGroup = 59F0DB201B8564BB0092B104;
			productRefGroup = 59F0DB2A1B8564BB0092B104 /* Products */;
			projectDirPath = "";
			projectRoot = "";
			targets = (
				59F0DB281B8564BB0092B104 /* 特洛伊 */,
				59F0DB411B8564BB0092B104 /* 特洛伊Tests */,
			);
		};
/* End PBXProject section */

/* Begin PBXResourcesBuildPhase section */
		59F0DB271B8564BB0092B104 /* Resources */ = {
			isa = PBXResourcesBuildPhase;
			buildActionMask = 2147483647;
			files = (
				59F0DB381B8564BB0092B104 /* Main.storyboard in Resources */,
				593310DA1B8AEAFA008CE1E2 /* MBProgressHUD.bundle in Resources */,
				59F0DB3D1B8564BB0092B104 /* LaunchScreen.xib in Resources */,
				59F0BC6A1B8B0B4200F4234A /* DDHomeCityCell.xib in Resources */,
				59F0DB3A1B8564BB0092B104 /* Images.xcassets in Resources */,
			);
			runOnlyForDeploymentPostprocessing = 0;
		};
		59F0DB401B8564BB0092B104 /* Resources */ = {
			isa = PBXResourcesBuildPhase;
			buildActionMask = 2147483647;
			files = (
			);
			runOnlyForDeploymentPostprocessing = 0;
		};
/* End PBXResourcesBuildPhase section */

/* Begin PBXSourcesBuildPhase section */
		59F0DB251B8564BB0092B104 /* Sources */ = {
			isa = PBXSourcesBuildPhase;
			buildActionMask = 2147483647;
			files = (
				593310C51B8AC2C7008CE1E2 /* UIImage+Help.m in Sources */,
				593310D91B8AEAFA008CE1E2 /* MBProgressHUD+MJ.m in Sources */,
				59F0DB321B8564BB0092B104 /* AppDelegate.m in Sources */,
				593310C31B8AC2C7008CE1E2 /* UIBarButtonItem+Help.m in Sources */,
				5943AD651B85707A007837C8 /* DDTabBarController.m in Sources */,
				593310CA1B8AC2C7008CE1E2 /* XXBDeviceHelp.m in Sources */,
				593310CB1B8AC2C7008CE1E2 /* XXBNetWorkExtion.m in Sources */,
				593310DB1B8AEAFA008CE1E2 /* MBProgressHUD.m in Sources */,
				593310C71B8AC2C7008CE1E2 /* UIView+AutoLayout.m in Sources */,
				593310C91B8AC2C7008CE1E2 /* UIView+MotionEffect.m in Sources */,
				593310CC1B8AC2C7008CE1E2 /* XXBHelpTools.m in Sources */,
				59F0BC651B8B096A00F4234A /* DDHomeChoseCityViewController.m in Sources */,
				593310C41B8AC2C7008CE1E2 /* UIColor+Help.m in Sources */,
				5943AD681B8573EA007837C8 /* HomeRootViewController.m in Sources */,
				59F0DB2F1B8564BB0092B104 /* main.m in Sources */,
				593310C61B8AC2C7008CE1E2 /* UIImage+ImageEffects.m in Sources */,
				59F0DB6A1B856B3F0092B104 /* DDNavigationController.m in Sources */,
				593310CF1B8AC45C008CE1E2 /* DDLoginViewController.m in Sources */,
				593310C81B8AC2C7008CE1E2 /* UIView+Help.m in Sources */,
				59F0BC691B8B0B4200F4234A /* DDHomeCityCell.m in Sources */,
				593310C21B8AC2C7008CE1E2 /* NSString+Help.m in Sources */,
				593310C11B8AC2C7008CE1E2 /* NSDate+XXB.m in Sources */,
			);
			runOnlyForDeploymentPostprocessing = 0;
		};
		59F0DB3E1B8564BB0092B104 /* Sources */ = {
			isa = PBXSourcesBuildPhase;
			buildActionMask = 2147483647;
			files = (
				59F0DB491B8564BB0092B104 /* ___Tests.m in Sources */,
			);
			runOnlyForDeploymentPostprocessing = 0;
		};
/* End PBXSourcesBuildPhase section */

/* Begin PBXTargetDependency section */
		59F0DB441B8564BB0092B104 /* PBXTargetDependency */ = {
			isa = PBXTargetDependency;
			target = 59F0DB281B8564BB0092B104 /* 特洛伊 */;
			targetProxy = 59F0DB431B8564BB0092B104 /* PBXContainerItemProxy */;
		};
/* End PBXTargetDependency section */

/* Begin PBXVariantGroup section */
		59F0DB361B8564BB0092B104 /* Main.storyboard */ = {
			isa = PBXVariantGroup;
			children = (
				59F0DB371B8564BB0092B104 /* Base */,
			);
			name = Main.storyboard;
			sourceTree = "<group>";
		};
		59F0DB3B1B8564BB0092B104 /* LaunchScreen.xib */ = {
			isa = PBXVariantGroup;
			children = (
				59F0DB3C1B8564BB0092B104 /* Base */,
			);
			name = LaunchScreen.xib;
			sourceTree = "<group>";
		};
/* End PBXVariantGroup section */

/* Begin XCBuildConfiguration section */
		59F0DB4A1B8564BB0092B104 /* Debug */ = {
			isa = XCBuildConfiguration;
			buildSettings = {
				ALWAYS_SEARCH_USER_PATHS = NO;
				CLANG_CXX_LANGUAGE_STANDARD = "gnu++0x";
				CLANG_CXX_LIBRARY = "libc++";
				CLANG_ENABLE_MODULES = YES;
				CLANG_ENABLE_OBJC_ARC = YES;
				CLANG_WARN_BOOL_CONVERSION = YES;
				CLANG_WARN_CONSTANT_CONVERSION = YES;
				CLANG_WARN_DIRECT_OBJC_ISA_USAGE = YES_ERROR;
				CLANG_WARN_EMPTY_BODY = YES;
				CLANG_WARN_ENUM_CONVERSION = YES;
				CLANG_WARN_INT_CONVERSION = YES;
				CLANG_WARN_OBJC_ROOT_CLASS = YES_ERROR;
				CLANG_WARN_UNREACHABLE_CODE = YES;
				CLANG_WARN__DUPLICATE_METHOD_MATCH = YES;
				"CODE_SIGN_IDENTITY[sdk=iphoneos*]" = "iPhone Developer";
				COPY_PHASE_STRIP = NO;
				DEBUG_INFORMATION_FORMAT = "dwarf-with-dsym";
				ENABLE_STRICT_OBJC_MSGSEND = YES;
				GCC_C_LANGUAGE_STANDARD = gnu99;
				GCC_DYNAMIC_NO_PIC = NO;
				GCC_NO_COMMON_BLOCKS = YES;
				GCC_OPTIMIZATION_LEVEL = 0;
				GCC_PREPROCESSOR_DEFINITIONS = (
					"DEBUG=1",
					"$(inherited)",
				);
				GCC_SYMBOLS_PRIVATE_EXTERN = NO;
				GCC_WARN_64_TO_32_BIT_CONVERSION = YES;
				GCC_WARN_ABOUT_RETURN_TYPE = YES_ERROR;
				GCC_WARN_UNDECLARED_SELECTOR = YES;
				GCC_WARN_UNINITIALIZED_AUTOS = YES_AGGRESSIVE;
				GCC_WARN_UNUSED_FUNCTION = YES;
				GCC_WARN_UNUSED_VARIABLE = YES;
				IPHONEOS_DEPLOYMENT_TARGET = 8.4;
				MTL_ENABLE_DEBUG_INFO = YES;
				ONLY_ACTIVE_ARCH = YES;
				SDKROOT = iphoneos;
				TARGETED_DEVICE_FAMILY = "1,2";
			};
			name = Debug;
		};
		59F0DB4B1B8564BB0092B104 /* Release */ = {
			isa = XCBuildConfiguration;
			buildSettings = {
				ALWAYS_SEARCH_USER_PATHS = NO;
				CLANG_CXX_LANGUAGE_STANDARD = "gnu++0x";
				CLANG_CXX_LIBRARY = "libc++";
				CLANG_ENABLE_MODULES = YES;
				CLANG_ENABLE_OBJC_ARC = YES;
				CLANG_WARN_BOOL_CONVERSION = YES;
				CLANG_WARN_CONSTANT_CONVERSION = YES;
				CLANG_WARN_DIRECT_OBJC_ISA_USAGE = YES_ERROR;
				CLANG_WARN_EMPTY_BODY = YES;
				CLANG_WARN_ENUM_CONVERSION = YES;
				CLANG_WARN_INT_CONVERSION = YES;
				CLANG_WARN_OBJC_ROOT_CLASS = YES_ERROR;
				CLANG_WARN_UNREACHABLE_CODE = YES;
				CLANG_WARN__DUPLICATE_METHOD_MATCH = YES;
				"CODE_SIGN_IDENTITY[sdk=iphoneos*]" = "iPhone Developer";
				COPY_PHASE_STRIP = NO;
				DEBUG_INFORMATION_FORMAT = "dwarf-with-dsym";
				ENABLE_NS_ASSERTIONS = NO;
				ENABLE_STRICT_OBJC_MSGSEND = YES;
				GCC_C_LANGUAGE_STANDARD = gnu99;
				GCC_NO_COMMON_BLOCKS = YES;
				GCC_WARN_64_TO_32_BIT_CONVERSION = YES;
				GCC_WARN_ABOUT_RETURN_TYPE = YES_ERROR;
				GCC_WARN_UNDECLARED_SELECTOR = YES;
				GCC_WARN_UNINITIALIZED_AUTOS = YES_AGGRESSIVE;
				GCC_WARN_UNUSED_FUNCTION = YES;
				GCC_WARN_UNUSED_VARIABLE = YES;
				IPHONEOS_DEPLOYMENT_TARGET = 8.4;
				MTL_ENABLE_DEBUG_INFO = NO;
				SDKROOT = iphoneos;
				TARGETED_DEVICE_FAMILY = "1,2";
				VALIDATE_PRODUCT = YES;
			};
			name = Release;
		};
		59F0DB4D1B8564BB0092B104 /* Debug */ = {
			isa = XCBuildConfiguration;
			buildSettings = {
				ASSETCATALOG_COMPILER_APPICON_NAME = AppIcon;
				GCC_PRECOMPILE_PREFIX_HEADER = YES;
				GCC_PREFIX_HEADER = "特洛伊/PreFile.pch";
				INFOPLIST_FILE = "特洛伊/Info.plist";
				LD_RUNPATH_SEARCH_PATHS = "$(inherited) @executable_path/Frameworks";
				PRODUCT_NAME = "$(TARGET_NAME)";
			};
			name = Debug;
		};
		59F0DB4E1B8564BB0092B104 /* Release */ = {
			isa = XCBuildConfiguration;
			buildSettings = {
				ASSETCATALOG_COMPILER_APPICON_NAME = AppIcon;
				GCC_PRECOMPILE_PREFIX_HEADER = YES;
				GCC_PREFIX_HEADER = "特洛伊/PreFile.pch";
				INFOPLIST_FILE = "特洛伊/Info.plist";
				LD_RUNPATH_SEARCH_PATHS = "$(inherited) @executable_path/Frameworks";
				PRODUCT_NAME = "$(TARGET_NAME)";
			};
			name = Release;
		};
		59F0DB501B8564BB0092B104 /* Debug */ = {
			isa = XCBuildConfiguration;
			buildSettings = {
				BUNDLE_LOADER = "$(TEST_HOST)";
				FRAMEWORK_SEARCH_PATHS = (
					"$(SDKROOT)/Developer/Library/Frameworks",
					"$(inherited)",
				);
				GCC_PREPROCESSOR_DEFINITIONS = (
					"DEBUG=1",
					"$(inherited)",
				);
				INFOPLIST_FILE = "特洛伊Tests/Info.plist";
				LD_RUNPATH_SEARCH_PATHS = "$(inherited) @executable_path/Frameworks @loader_path/Frameworks";
				PRODUCT_NAME = "$(TARGET_NAME)";
				TEST_HOST = "$(BUILT_PRODUCTS_DIR)/特洛伊.app/特洛伊";
			};
			name = Debug;
		};
		59F0DB511B8564BB0092B104 /* Release */ = {
			isa = XCBuildConfiguration;
			buildSettings = {
				BUNDLE_LOADER = "$(TEST_HOST)";
				FRAMEWORK_SEARCH_PATHS = (
					"$(SDKROOT)/Developer/Library/Frameworks",
					"$(inherited)",
				);
				INFOPLIST_FILE = "特洛伊Tests/Info.plist";
				LD_RUNPATH_SEARCH_PATHS = "$(inherited) @executable_path/Frameworks @loader_path/Frameworks";
				PRODUCT_NAME = "$(TARGET_NAME)";
				TEST_HOST = "$(BUILT_PRODUCTS_DIR)/特洛伊.app/特洛伊";
			};
			name = Release;
		};
/* End XCBuildConfiguration section */

/* Begin XCConfigurationList section */
		59F0DB241B8564BB0092B104 /* Build configuration list for PBXProject "特洛伊" */ = {
			isa = XCConfigurationList;
			buildConfigurations = (
				59F0DB4A1B8564BB0092B104 /* Debug */,
				59F0DB4B1B8564BB0092B104 /* Release */,
			);
			defaultConfigurationIsVisible = 0;
			defaultConfigurationName = Release;
		};
		59F0DB4C1B8564BB0092B104 /* Build configuration list for PBXNativeTarget "特洛伊" */ = {
			isa = XCConfigurationList;
			buildConfigurations = (
				59F0DB4D1B8564BB0092B104 /* Debug */,
				59F0DB4E1B8564BB0092B104 /* Release */,
			);
			defaultConfigurationIsVisible = 0;
			defaultConfigurationName = Release;
		};
		59F0DB4F1B8564BB0092B104 /* Build configuration list for PBXNativeTarget "特洛伊Tests" */ = {
			isa = XCConfigurationList;
			buildConfigurations = (
				59F0DB501B8564BB0092B104 /* Debug */,
				59F0DB511B8564BB0092B104 /* Release */,
			);
			defaultConfigurationIsVisible = 0;
			defaultConfigurationName = Release;
		};
/* End XCConfigurationList section */
	};
	rootObject = 59F0DB211B8564BB0092B104 /* Project object */;
}
